
Microsoft Visual Studio Solution File, Format Version 12.00
# Visual Studio 15
VisualStudioVersion = 15.0.28307.757
MinimumVisualStudioVersion = 10.0.40219.1
Project("{FAE04EC0-301F-11D3-BF4B-00C04F79EFBC}") = "MatrixLibrary", "MatrixLibrary\MatrixLibrary.csproj", "{516533D1-BDB3-4CEA-92DE-B87CAE8034ED}"
EndProject
Global
	GlobalSection(SolutionConfigurationPlatforms) = preSolution
		Debug|Any CPU = Debug|Any CPU
		Release|Any CPU = Release|Any CPU
	EndGlobalSection
	GlobalSection(ProjectConfigurationPlatforms) = postSolution
		{516533D1-BDB3-4CEA-92DE-B87CAE8034ED}.Debug|Any CPU.ActiveCfg = Debug|Any CPU
		{516533D1-BDB3-4CEA-92DE-B87CAE8034ED}.Debug|Any CPU.Build.0 = Debug|Any CPU
		{516533D1-BDB3-4CEA-92DE-B87CAE8034ED}.Release|Any CPU.ActiveCfg = Release|Any CPU
		{516533D1-BDB3-4CEA-92DE-B87CAE8034ED}.Release|Any CPU.Build.0 = Release|Any CPU
	EndGlobalSection
	GlobalSection(SolutionProperties) = preSolution
		HideSolutionNode = FALSE
	EndGlobalSection
	GlobalSection(ExtensibilityGlobals) = postSolution
		SolutionGuid = {59A8475B-D9A6-40C7-9A8D-BFA3D463082C}
	EndGlobalSection
EndGlobal
